
Microsoft Visual Studio Solution File, Format Version 11.00
# Visual Studio 2010
Project("{FAE04EC0-301F-11D3-BF4B-00C04F79EFBC}") = "SimpleProject1", "SimpleProject1\SimpleProject1.csproj", "{A8FCDD72-0D30-444F-8C9E-124DE647E6D7}"
EndProject
Global
	GlobalSection(SolutionConfigurationPlatforms) = preSolution
		Debug|x86 = Debug|x86
		Release|x86 = Release|x86
	EndGlobalSection
	GlobalSection(ProjectConfigurationPlatforms) = postSolution
		{A8FCDD72-0D30-444F-8C9E-124DE647E6D7}.Debug|x86.ActiveCfg = Debug|x86
		{A8FCDD72-0D30-444F-8C9E-124DE647E6D7}.Debug|x86.Build.0 = Debug|x86
		{A8FCDD72-0D30-444F-8C9E-124DE647E6D7}.Release|x86.ActiveCfg = Release|x86
		{A8FCDD72-0D30-444F-8C9E-124DE647E6D7}.Release|x86.Build.0 = Release|x86
	EndGlobalSection
	GlobalSection(SolutionProperties) = preSolution
		HideSolutionNode = FALSE
	EndGlobalSection
EndGlobal
